// !$*UTF8*$!
{
	archiveVersion = 1;
	classes = {
	};
	objectVersion = 55;
	objects = {

/* Begin PBXBuildFile section */
		3E2264C02763B47800F77624 /* Kingfisher in Frameworks */ = {isa = PBXBuildFile; productRef = 3E2264BF2763B47800F77624 /* Kingfisher */; };
		3E2264C22763C87E00F77624 /* WebRecipeView.swift in Sources */ = {isa = PBXBuildFile; fileRef = 3E2264C12763C87E00F77624 /* WebRecipeView.swift */; };
		3E2F2D672730177F004E9DFA /* RecipesApp.swift in Sources */ = {isa = PBXBuildFile; fileRef = 3E2F2D662730177F004E9DFA /* RecipesApp.swift */; };
		3E2F2D6B27301782004E9DFA /* Assets.xcassets in Resources */ = {isa = PBXBuildFile; fileRef = 3E2F2D6A27301782004E9DFA /* Assets.xcassets */; };
		3E2F2D6E27301782004E9DFA /* Preview Assets.xcassets in Resources */ = {isa = PBXBuildFile; fileRef = 3E2F2D6D27301782004E9DFA /* Preview Assets.xcassets */; };
		3E2F2D7E27301B3C004E9DFA /* Menubar.swift in Sources */ = {isa = PBXBuildFile; fileRef = 3E2F2D7D27301B3C004E9DFA /* Menubar.swift */; };
		3E2F2D8027301B4E004E9DFA /* CardView.swift in Sources */ = {isa = PBXBuildFile; fileRef = 3E2F2D7F27301B4E004E9DFA /* CardView.swift */; };
		3E2F2D8227301B7F004E9DFA /* RecipesView.swift in Sources */ = {isa = PBXBuildFile; fileRef = 3E2F2D8127301B7F004E9DFA /* RecipesView.swift */; };
		3E5012C82763F17200990482 /* Ingredient.swift in Sources */ = {isa = PBXBuildFile; fileRef = 3E5012C72763F17200990482 /* Ingredient.swift */; };
		3E5012CA2763F4E500990482 /* IngredientView.swift in Sources */ = {isa = PBXBuildFile; fileRef = 3E5012C92763F4E500990482 /* IngredientView.swift */; };
		3E5012CC2763FDAC00990482 /* WebpageView.swift in Sources */ = {isa = PBXBuildFile; fileRef = 3E5012CB2763FDAC00990482 /* WebpageView.swift */; };
		3EB17A9827358986001D5416 /* Recipe.swift in Sources */ = {isa = PBXBuildFile; fileRef = 3EB17A9727358986001D5416 /* Recipe.swift */; };
		3EB17A9A273589CD001D5416 /* Card.swift in Sources */ = {isa = PBXBuildFile; fileRef = 3EB17A99273589CD001D5416 /* Card.swift */; };
		3EB17AA02736DAF8001D5416 /* ApiViewModel.swift in Sources */ = {isa = PBXBuildFile; fileRef = 3EB17A9F2736DAF8001D5416 /* ApiViewModel.swift */; };
		C10C7F9D2768BE3B00D5B000 /* DetailedRecipesView.swift in Sources */ = {isa = PBXBuildFile; fileRef = C10C7F9C2768BE3B00D5B000 /* DetailedRecipesView.swift */; };
		C193D9FA27425D9700E6F859 /* DataModel.xcdatamodeld in Sources */ = {isa = PBXBuildFile; fileRef = C193D9F827425D9700E6F859 /* DataModel.xcdatamodeld */; };
		C1C7596A276C7DFA006AADEE /* Row.swift in Sources */ = {isa = PBXBuildFile; fileRef = C1C75969276C7DFA006AADEE /* Row.swift */; };
		C1F24EDA274263100075FAF4 /* Persistence.swift in Sources */ = {isa = PBXBuildFile; fileRef = C1F24ED9274263100075FAF4 /* Persistence.swift */; };
		C1F24EFB2742674A0075FAF4 /* AddRecipes.swift in Sources */ = {isa = PBXBuildFile; fileRef = C1F24EFA2742674A0075FAF4 /* AddRecipes.swift */; };
		C1F24EFD274268420075FAF4 /* RecipesModel.swift in Sources */ = {isa = PBXBuildFile; fileRef = C1F24EFC274268420075FAF4 /* RecipesModel.swift */; };
/* End PBXBuildFile section */

/* Begin PBXFileReference section */
		3E2264C12763C87E00F77624 /* WebRecipeView.swift */ = {isa = PBXFileReference; lastKnownFileType = sourcecode.swift; path = WebRecipeView.swift; sourceTree = "<group>"; };
		3E2F2D632730177F004E9DFA /* Recipes.app */ = {isa = PBXFileReference; explicitFileType = wrapper.application; includeInIndex = 0; path = Recipes.app; sourceTree = BUILT_PRODUCTS_DIR; };
		3E2F2D662730177F004E9DFA /* RecipesApp.swift */ = {isa = PBXFileReference; lastKnownFileType = sourcecode.swift; path = RecipesApp.swift; sourceTree = "<group>"; };
		3E2F2D6A27301782004E9DFA /* Assets.xcassets */ = {isa = PBXFileReference; lastKnownFileType = folder.assetcatalog; path = Assets.xcassets; sourceTree = "<group>"; };
		3E2F2D6D27301782004E9DFA /* Preview Assets.xcassets */ = {isa = PBXFileReference; lastKnownFileType = folder.assetcatalog; path = "Preview Assets.xcassets"; sourceTree = "<group>"; };
		3E2F2D7D27301B3C004E9DFA /* Menubar.swift */ = {isa = PBXFileReference; lastKnownFileType = sourcecode.swift; path = Menubar.swift; sourceTree = "<group>"; };
		3E2F2D7F27301B4E004E9DFA /* CardView.swift */ = {isa = PBXFileReference; lastKnownFileType = sourcecode.swift; path = CardView.swift; sourceTree = "<group>"; };
		3E2F2D8127301B7F004E9DFA /* RecipesView.swift */ = {isa = PBXFileReference; lastKnownFileType = sourcecode.swift; path = RecipesView.swift; sourceTree = "<group>"; };
		3E5012C72763F17200990482 /* Ingredient.swift */ = {isa = PBXFileReference; lastKnownFileType = sourcecode.swift; path = Ingredient.swift; sourceTree = "<group>"; };
		3E5012C92763F4E500990482 /* IngredientView.swift */ = {isa = PBXFileReference; lastKnownFileType = sourcecode.swift; path = IngredientView.swift; sourceTree = "<group>"; };
		3E5012CB2763FDAC00990482 /* WebpageView.swift */ = {isa = PBXFileReference; lastKnownFileType = sourcecode.swift; path = WebpageView.swift; sourceTree = "<group>"; };
		3EB17A9727358986001D5416 /* Recipe.swift */ = {isa = PBXFileReference; lastKnownFileType = sourcecode.swift; path = Recipe.swift; sourceTree = "<group>"; };
		3EB17A99273589CD001D5416 /* Card.swift */ = {isa = PBXFileReference; lastKnownFileType = sourcecode.swift; path = Card.swift; sourceTree = "<group>"; };
		3EB17A9F2736DAF8001D5416 /* ApiViewModel.swift */ = {isa = PBXFileReference; lastKnownFileType = sourcecode.swift; path = ApiViewModel.swift; sourceTree = "<group>"; };
		C10C7F9C2768BE3B00D5B000 /* DetailedRecipesView.swift */ = {isa = PBXFileReference; lastKnownFileType = sourcecode.swift; path = DetailedRecipesView.swift; sourceTree = "<group>"; };
		C193D9F927425D9700E6F859 /* Model.xcdatamodel */ = {isa = PBXFileReference; lastKnownFileType = wrapper.xcdatamodel; path = Model.xcdatamodel; sourceTree = "<group>"; };
		C1C75969276C7DFA006AADEE /* Row.swift */ = {isa = PBXFileReference; lastKnownFileType = sourcecode.swift; path = Row.swift; sourceTree = "<group>"; };
		C1F24ED9274263100075FAF4 /* Persistence.swift */ = {isa = PBXFileReference; lastKnownFileType = sourcecode.swift; path = Persistence.swift; sourceTree = "<group>"; };
		C1F24EFA2742674A0075FAF4 /* AddRecipes.swift */ = {isa = PBXFileReference; lastKnownFileType = sourcecode.swift; path = AddRecipes.swift; sourceTree = "<group>"; };
		C1F24EFC274268420075FAF4 /* RecipesModel.swift */ = {isa = PBXFileReference; lastKnownFileType = sourcecode.swift; path = RecipesModel.swift; sourceTree = "<group>"; };
/* End PBXFileReference section */

/* Begin PBXFrameworksBuildPhase section */
		3E2F2D602730177F004E9DFA /* Frameworks */ = {
			isa = PBXFrameworksBuildPhase;
			buildActionMask = 2147483647;
			files = (
				3E2264C02763B47800F77624 /* Kingfisher in Frameworks */,
			);
			runOnlyForDeploymentPostprocessing = 0;
		};
/* End PBXFrameworksBuildPhase section */

/* Begin PBXGroup section */
		3E2F2D5A2730177F004E9DFA = {
			isa = PBXGroup;
			children = (
				3E2F2D652730177F004E9DFA /* Recipes */,
				3E2F2D642730177F004E9DFA /* Products */,
			);
			sourceTree = "<group>";
		};
		3E2F2D642730177F004E9DFA /* Products */ = {
			isa = PBXGroup;
			children = (
				3E2F2D632730177F004E9DFA /* Recipes.app */,
			);
			name = Products;
			sourceTree = "<group>";
		};
		3E2F2D652730177F004E9DFA /* Recipes */ = {
			isa = PBXGroup;
			children = (
				C1F24ED8274262EC0075FAF4 /* CoreDataModel */,
				3E2F2D7627301A7E004E9DFA /* ViewModels */,
				3E2F2D7527301A70004E9DFA /* Views */,
				3E2F2D7427301A6A004E9DFA /* Models */,
				3E2F2D662730177F004E9DFA /* RecipesApp.swift */,
				3E2F2D6A27301782004E9DFA /* Assets.xcassets */,
				3E2F2D6C27301782004E9DFA /* Preview Content */,
			);
			path = Recipes;
			sourceTree = "<group>";
		};
		3E2F2D6C27301782004E9DFA /* Preview Content */ = {
			isa = PBXGroup;
			children = (
				3E2F2D6D27301782004E9DFA /* Preview Assets.xcassets */,
			);
			path = "Preview Content";
			sourceTree = "<group>";
		};
		3E2F2D7427301A6A004E9DFA /* Models */ = {
			isa = PBXGroup;
			children = (
				3EB17A9727358986001D5416 /* Recipe.swift */,
				3E5012C72763F17200990482 /* Ingredient.swift */,
			);
			path = Models;
			sourceTree = "<group>";
		};
		3E2F2D7527301A70004E9DFA /* Views */ = {
			isa = PBXGroup;
			children = (
				3E2F2D7D27301B3C004E9DFA /* Menubar.swift */,
				3E2F2D7F27301B4E004E9DFA /* CardView.swift */,
				3E2F2D8127301B7F004E9DFA /* RecipesView.swift */,
				C1C75969276C7DFA006AADEE /* Row.swift */,
				C10C7F9C2768BE3B00D5B000 /* DetailedRecipesView.swift */,
				3EB17A99273589CD001D5416 /* Card.swift */,
				C1F24EFA2742674A0075FAF4 /* AddRecipes.swift */,
				3E2264C12763C87E00F77624 /* WebRecipeView.swift */,
				3E5012C92763F4E500990482 /* IngredientView.swift */,
				3E5012CB2763FDAC00990482 /* WebpageView.swift */,
			);
			path = Views;
			sourceTree = "<group>";
		};
		3E2F2D7627301A7E004E9DFA /* ViewModels */ = {
			isa = PBXGroup;
			children = (
				3EB17A9F2736DAF8001D5416 /* ApiViewModel.swift */,
				C1F24EFC274268420075FAF4 /* RecipesModel.swift */,
			);
			path = ViewModels;
			sourceTree = "<group>";
		};
		C1F24ED8274262EC0075FAF4 /* CoreDataModel */ = {
			isa = PBXGroup;
			children = (
				C193D9F827425D9700E6F859 /* DataModel.xcdatamodeld */,
				C1F24ED9274263100075FAF4 /* Persistence.swift */,
			);
			path = CoreDataModel;
			sourceTree = "<group>";
		};
/* End PBXGroup section */

/* Begin PBXNativeTarget section */
		3E2F2D622730177F004E9DFA /* Recipes */ = {
			isa = PBXNativeTarget;
			buildConfigurationList = 3E2F2D7127301782004E9DFA /* Build configuration list for PBXNativeTarget "Recipes" */;
			buildPhases = (
				3E2F2D5F2730177F004E9DFA /* Sources */,
				3E2F2D602730177F004E9DFA /* Frameworks */,
				3E2F2D612730177F004E9DFA /* Resources */,
			);
			buildRules = (
			);
			dependencies = (
			);
			name = Recipes;
			packageProductDependencies = (
				3E2264BF2763B47800F77624 /* Kingfisher */,
			);
			productName = Recipes;
			productReference = 3E2F2D632730177F004E9DFA /* Recipes.app */;
			productType = "com.apple.product-type.application";
		};
/* End PBXNativeTarget section */

/* Begin PBXProject section */
		3E2F2D5B2730177F004E9DFA /* Project object */ = {
			isa = PBXProject;
			attributes = {
				BuildIndependentTargetsInParallel = 1;
				LastSwiftUpdateCheck = 1310;
				LastUpgradeCheck = 1310;
				TargetAttributes = {
					3E2F2D622730177F004E9DFA = {
						CreatedOnToolsVersion = 13.1;
					};
				};
			};
			buildConfigurationList = 3E2F2D5E2730177F004E9DFA /* Build configuration list for PBXProject "Recipes" */;
			compatibilityVersion = "Xcode 13.0";
			developmentRegion = en;
			hasScannedForEncodings = 0;
			knownRegions = (
				en,
				Base,
			);
			mainGroup = 3E2F2D5A2730177F004E9DFA;
			packageReferences = (
				3E2264BE2763B47800F77624 /* XCRemoteSwiftPackageReference "Kingfisher" */,
			);
			productRefGroup = 3E2F2D642730177F004E9DFA /* Products */;
			projectDirPath = "";
			projectRoot = "";
			targets = (
				3E2F2D622730177F004E9DFA /* Recipes */,
			);
		};
/* End PBXProject section */

/* Begin PBXResourcesBuildPhase section */
		3E2F2D612730177F004E9DFA /* Resources */ = {
			isa = PBXResourcesBuildPhase;
			buildActionMask = 2147483647;
			files = (
				3E2F2D6E27301782004E9DFA /* Preview Assets.xcassets in Resources */,
				3E2F2D6B27301782004E9DFA /* Assets.xcassets in Resources */,
			);
			runOnlyForDeploymentPostprocessing = 0;
		};
/* End PBXResourcesBuildPhase section */

/* Begin PBXSourcesBuildPhase section */
		3E2F2D5F2730177F004E9DFA /* Sources */ = {
			isa = PBXSourcesBuildPhase;
			buildActionMask = 2147483647;
			files = (
				3E2F2D8027301B4E004E9DFA /* CardView.swift in Sources */,
				3E2F2D672730177F004E9DFA /* RecipesApp.swift in Sources */,
				3E2F2D7E27301B3C004E9DFA /* Menubar.swift in Sources */,
				3E2F2D8227301B7F004E9DFA /* RecipesView.swift in Sources */,
				3E5012CC2763FDAC00990482 /* WebpageView.swift in Sources */,
				3E5012C82763F17200990482 /* Ingredient.swift in Sources */,
				3EB17AA02736DAF8001D5416 /* ApiViewModel.swift in Sources */,
				3E5012CA2763F4E500990482 /* IngredientView.swift in Sources */,
				C1F24EFD274268420075FAF4 /* RecipesModel.swift in Sources */,
				C1C7596A276C7DFA006AADEE /* Row.swift in Sources */,
				C1F24EDA274263100075FAF4 /* Persistence.swift in Sources */,
				3EB17A9827358986001D5416 /* Recipe.swift in Sources */,
				C193D9FA27425D9700E6F859 /* DataModel.xcdatamodeld in Sources */,
				C10C7F9D2768BE3B00D5B000 /* DetailedRecipesView.swift in Sources */,
				3EB17A9A273589CD001D5416 /* Card.swift in Sources */,
				3E2264C22763C87E00F77624 /* WebRecipeView.swift in Sources */,
				C1F24EFB2742674A0075FAF4 /* AddRecipes.swift in Sources */,
			);
			runOnlyForDeploymentPostprocessing = 0;
		};
/* End PBXSourcesBuildPhase section */

/* Begin XCBuildConfiguration section */
		3E2F2D6F27301782004E9DFA /* Debug */ = {
			isa = XCBuildConfiguration;
			buildSettings = {
				ALWAYS_SEARCH_USER_PATHS = NO;
				CLANG_ANALYZER_NONNULL = YES;
				CLANG_ANALYZER_NUMBER_OBJECT_CONVERSION = YES_AGGRESSIVE;
				CLANG_CXX_LANGUAGE_STANDARD = "gnu++17";
				CLANG_CXX_LIBRARY = "libc++";
				CLANG_ENABLE_MODULES = YES;
				CLANG_ENABLE_OBJC_ARC = YES;
				CLANG_ENABLE_OBJC_WEAK = YES;
				CLANG_WARN_BLOCK_CAPTURE_AUTORELEASING = YES;
				CLANG_WARN_BOOL_CONVERSION = YES;
				CLANG_WARN_COMMA = YES;
				CLANG_WARN_CONSTANT_CONVERSION = YES;
				CLANG_WARN_DEPRECATED_OBJC_IMPLEMENTATIONS = YES;
				CLANG_WARN_DIRECT_OBJC_ISA_USAGE = YES_ERROR;
				CLANG_WARN_DOCUMENTATION_COMMENTS = YES;
				CLANG_WARN_EMPTY_BODY = YES;
				CLANG_WARN_ENUM_CONVERSION = YES;
				CLANG_WARN_INFINITE_RECURSION = YES;
				CLANG_WARN_INT_CONVERSION = YES;
				CLANG_WARN_NON_LITERAL_NULL_CONVERSION = YES;
				CLANG_WARN_OBJC_IMPLICIT_RETAIN_SELF = YES;
				CLANG_WARN_OBJC_LITERAL_CONVERSION = YES;
				CLANG_WARN_OBJC_ROOT_CLASS = YES_ERROR;
				CLANG_WARN_QUOTED_INCLUDE_IN_FRAMEWORK_HEADER = YES;
				CLANG_WARN_RANGE_LOOP_ANALYSIS = YES;
				CLANG_WARN_STRICT_PROTOTYPES = YES;
				CLANG_WARN_SUSPICIOUS_MOVE = YES;
				CLANG_WARN_UNGUARDED_AVAILABILITY = YES_AGGRESSIVE;
				CLANG_WARN_UNREACHABLE_CODE = YES;
				CLANG_WARN__DUPLICATE_METHOD_MATCH = YES;
				COPY_PHASE_STRIP = NO;
				DEBUG_INFORMATION_FORMAT = dwarf;
				ENABLE_STRICT_OBJC_MSGSEND = YES;
				ENABLE_TESTABILITY = YES;
				GCC_C_LANGUAGE_STANDARD = gnu11;
				GCC_DYNAMIC_NO_PIC = NO;
				GCC_NO_COMMON_BLOCKS = YES;
				GCC_OPTIMIZATION_LEVEL = 0;
				GCC_PREPROCESSOR_DEFINITIONS = (
					"DEBUG=1",
					"$(inherited)",
				);
				GCC_WARN_64_TO_32_BIT_CONVERSION = YES;
				GCC_WARN_ABOUT_RETURN_TYPE = YES_ERROR;
				GCC_WARN_UNDECLARED_SELECTOR = YES;
				GCC_WARN_UNINITIALIZED_AUTOS = YES_AGGRESSIVE;
				GCC_WARN_UNUSED_FUNCTION = YES;
				GCC_WARN_UNUSED_VARIABLE = YES;
				IPHONEOS_DEPLOYMENT_TARGET = 15.0;
				MTL_ENABLE_DEBUG_INFO = INCLUDE_SOURCE;
				MTL_FAST_MATH = YES;
				ONLY_ACTIVE_ARCH = YES;
				SDKROOT = iphoneos;
				SWIFT_ACTIVE_COMPILATION_CONDITIONS = DEBUG;
				SWIFT_OPTIMIZATION_LEVEL = "-Onone";
			};
			name = Debug;
		};
		3E2F2D7027301782004E9DFA /* Release */ = {
			isa = XCBuildConfiguration;
			buildSettings = {
				ALWAYS_SEARCH_USER_PATHS = NO;
				CLANG_ANALYZER_NONNULL = YES;
				CLANG_ANALYZER_NUMBER_OBJECT_CONVERSION = YES_AGGRESSIVE;
				CLANG_CXX_LANGUAGE_STANDARD = "gnu++17";
				CLANG_CXX_LIBRARY = "libc++";
				CLANG_ENABLE_MODULES = YES;
				CLANG_ENABLE_OBJC_ARC = YES;
				CLANG_ENABLE_OBJC_WEAK = YES;
				CLANG_WARN_BLOCK_CAPTURE_AUTORELEASING = YES;
				CLANG_WARN_BOOL_CONVERSION = YES;
				CLANG_WARN_COMMA = YES;
				CLANG_WARN_CONSTANT_CONVERSION = YES;
				CLANG_WARN_DEPRECATED_OBJC_IMPLEMENTATIONS = YES;
				CLANG_WARN_DIRECT_OBJC_ISA_USAGE = YES_ERROR;
				CLANG_WARN_DOCUMENTATION_COMMENTS = YES;
				CLANG_WARN_EMPTY_BODY = YES;
				CLANG_WARN_ENUM_CONVERSION = YES;
				CLANG_WARN_INFINITE_RECURSION = YES;
				CLANG_WARN_INT_CONVERSION = YES;
				CLANG_WARN_NON_LITERAL_NULL_CONVERSION = YES;
				CLANG_WARN_OBJC_IMPLICIT_RETAIN_SELF = YES;
				CLANG_WARN_OBJC_LITERAL_CONVERSION = YES;
				CLANG_WARN_OBJC_ROOT_CLASS = YES_ERROR;
				CLANG_WARN_QUOTED_INCLUDE_IN_FRAMEWORK_HEADER = YES;
				CLANG_WARN_RANGE_LOOP_ANALYSIS = YES;
				CLANG_WARN_STRICT_PROTOTYPES = YES;
				CLANG_WARN_SUSPICIOUS_MOVE = YES;
				CLANG_WARN_UNGUARDED_AVAILABILITY = YES_AGGRESSIVE;
				CLANG_WARN_UNREACHABLE_CODE = YES;
				CLANG_WARN__DUPLICATE_METHOD_MATCH = YES;
				COPY_PHASE_STRIP = NO;
				DEBUG_INFORMATION_FORMAT = "dwarf-with-dsym";
				ENABLE_NS_ASSERTIONS = NO;
				ENABLE_STRICT_OBJC_MSGSEND = YES;
				GCC_C_LANGUAGE_STANDARD = gnu11;
				GCC_NO_COMMON_BLOCKS = YES;
				GCC_WARN_64_TO_32_BIT_CONVERSION = YES;
				GCC_WARN_ABOUT_RETURN_TYPE = YES_ERROR;
				GCC_WARN_UNDECLARED_SELECTOR = YES;
				GCC_WARN_UNINITIALIZED_AUTOS = YES_AGGRESSIVE;
				GCC_WARN_UNUSED_FUNCTION = YES;
				GCC_WARN_UNUSED_VARIABLE = YES;
				IPHONEOS_DEPLOYMENT_TARGET = 15.0;
				MTL_ENABLE_DEBUG_INFO = NO;
				MTL_FAST_MATH = YES;
				SDKROOT = iphoneos;
				SWIFT_COMPILATION_MODE = wholemodule;
				SWIFT_OPTIMIZATION_LEVEL = "-O";
				VALIDATE_PRODUCT = YES;
			};
			name = Release;
		};
		3E2F2D7227301782004E9DFA /* Debug */ = {
			isa = XCBuildConfiguration;
			buildSettings = {
				ASSETCATALOG_COMPILER_APPICON_NAME = AppIcon;
				ASSETCATALOG_COMPILER_GLOBAL_ACCENT_COLOR_NAME = AccentColor;
				CODE_SIGN_STYLE = Automatic;
				CURRENT_PROJECT_VERSION = 1;
				DEVELOPMENT_ASSET_PATHS = "\"Recipes/Preview Content\"";
				DEVELOPMENT_TEAM = 9TF437LVMW;
				ENABLE_PREVIEWS = YES;
				GENERATE_INFOPLIST_FILE = YES;
				INFOPLIST_KEY_UIApplicationSceneManifest_Generation = YES;
				INFOPLIST_KEY_UIApplicationSupportsIndirectInputEvents = YES;
				INFOPLIST_KEY_UILaunchScreen_Generation = YES;
				INFOPLIST_KEY_UISupportedInterfaceOrientations_iPad = "UIInterfaceOrientationPortrait UIInterfaceOrientationPortraitUpsideDown UIInterfaceOrientationLandscapeLeft UIInterfaceOrientationLandscapeRight";
				INFOPLIST_KEY_UISupportedInterfaceOrientations_iPhone = "UIInterfaceOrientationPortrait UIInterfaceOrientationLandscapeLeft UIInterfaceOrientationLandscapeRight";
				LD_RUNPATH_SEARCH_PATHS = (
					"$(inherited)",
					"@executable_path/Frameworks",
				);
				MARKETING_VERSION = 1.0;
				PRODUCT_BUNDLE_IDENTIFIER = com.sdu.Recipes;
				PRODUCT_NAME = "$(TARGET_NAME)";
				SWIFT_EMIT_LOC_STRINGS = YES;
				SWIFT_VERSION = 5.0;
				TARGETED_DEVICE_FAMILY = "1,2";
			};
			name = Debug;
		};
		3E2F2D7327301782004E9DFA /* Release */ = {
			isa = XCBuildConfiguration;
			buildSettings = {
				ASSETCATALOG_COMPILER_APPICON_NAME = AppIcon;
				ASSETCATALOG_COMPILER_GLOBAL_ACCENT_COLOR_NAME = AccentColor;
				CODE_SIGN_STYLE = Automatic;
				CURRENT_PROJECT_VERSION = 1;
				DEVELOPMENT_ASSET_PATHS = "\"Recipes/Preview Content\"";
				DEVELOPMENT_TEAM = 9TF437LVMW;
				ENABLE_PREVIEWS = YES;
				GENERATE_INFOPLIST_FILE = YES;
				INFOPLIST_KEY_UIApplicationSceneManifest_Generation = YES;
				INFOPLIST_KEY_UIApplicationSupportsIndirectInputEvents = YES;
				INFOPLIST_KEY_UILaunchScreen_Generation = YES;
				INFOPLIST_KEY_UISupportedInterfaceOrientations_iPad = "UIInterfaceOrientationPortrait UIInterfaceOrientationPortraitUpsideDown UIInterfaceOrientationLandscapeLeft UIInterfaceOrientationLandscapeRight";
				INFOPLIST_KEY_UISupportedInterfaceOrientations_iPhone = "UIInterfaceOrientationPortrait UIInterfaceOrientationLandscapeLeft UIInterfaceOrientationLandscapeRight";
				LD_RUNPATH_SEARCH_PATHS = (
					"$(inherited)",
					"@executable_path/Frameworks",
				);
				MARKETING_VERSION = 1.0;
				PRODUCT_BUNDLE_IDENTIFIER = com.sdu.Recipes;
				PRODUCT_NAME = "$(TARGET_NAME)";
				SWIFT_EMIT_LOC_STRINGS = YES;
				SWIFT_VERSION = 5.0;
				TARGETED_DEVICE_FAMILY = "1,2";
			};
			name = Release;
		};
/* End XCBuildConfiguration section */

/* Begin XCConfigurationList section */
		3E2F2D5E2730177F004E9DFA /* Build configuration list for PBXProject "Recipes" */ = {
			isa = XCConfigurationList;
			buildConfigurations = (
				3E2F2D6F27301782004E9DFA /* Debug */,
				3E2F2D7027301782004E9DFA /* Release */,
			);
			defaultConfigurationIsVisible = 0;
			defaultConfigurationName = Release;
		};
		3E2F2D7127301782004E9DFA /* Build configuration list for PBXNativeTarget "Recipes" */ = {
			isa = XCConfigurationList;
			buildConfigurations = (
				3E2F2D7227301782004E9DFA /* Debug */,
				3E2F2D7327301782004E9DFA /* Release */,
			);
			defaultConfigurationIsVisible = 0;
			defaultConfigurationName = Release;
		};
/* End XCConfigurationList section */

/* Begin XCRemoteSwiftPackageReference section */
		3E2264BE2763B47800F77624 /* XCRemoteSwiftPackageReference "Kingfisher" */ = {
			isa = XCRemoteSwiftPackageReference;
			repositoryURL = "https://github.com/onevcat/Kingfisher.git";
			requirement = {
				kind = upToNextMajorVersion;
				minimumVersion = 7.0.0;
			};
		};
/* End XCRemoteSwiftPackageReference section */

/* Begin XCSwiftPackageProductDependency section */
		3E2264BF2763B47800F77624 /* Kingfisher */ = {
			isa = XCSwiftPackageProductDependency;
			package = 3E2264BE2763B47800F77624 /* XCRemoteSwiftPackageReference "Kingfisher" */;
			productName = Kingfisher;
		};
/* End XCSwiftPackageProductDependency section */

/* Begin XCVersionGroup section */
		C193D9F827425D9700E6F859 /* DataModel.xcdatamodeld */ = {
			isa = XCVersionGroup;
			children = (
				C193D9F927425D9700E6F859 /* Model.xcdatamodel */,
			);
			currentVersion = C193D9F927425D9700E6F859 /* Model.xcdatamodel */;
			path = DataModel.xcdatamodeld;
			sourceTree = "<group>";
			usesTabs = 0;
			versionGroupType = wrapper.xcdatamodel;
		};
/* End XCVersionGroup section */
	};
	rootObject = 3E2F2D5B2730177F004E9DFA /* Project object */;
}
